<Solution>
  <Folder Name="/Solution Items/">
    <File Path="README.md" />
  </Folder>
  <Folder Name="/Solution Items/GitHub/">
    <File Path=".github\workflows\build.yml" />
    <File Path=".github\workflows\codeql.yml" />
  </Folder>
  <Folder Name="/src/">
    <Project Path="src\EFCore.DLMS.Core\EFCore.DLMS.Core.csproj" Type="Classic C#" />
    <Project Path="src\EFCore.DLMS\EFCore.DLMS.csproj" Type="Classic C#" />
  </Folder>
  <Folder Name="/tests/" />
</Solution>